{
  "name": "angular-phrase-demo",
  "version": "1.0.1",
  "lockfileVersion": 1,
  "requires": true,
  "dependencies": {
    "angular": {
      "version": "1.6.9",
      "resolved": "https://registry.npmjs.org/angular/-/angular-1.6.9.tgz",
      "integrity": "sha512-6igWH2GIsxV+J38wNWCh8oyjaZsrIPIDO35twloIUyjlF2Yit6UyLAWujHP05ma/LFxTsx4NtYibRoMNBXPR1A=="
    },
    "angular-phrase": {
      "version": "2.1.3",
      "resolved": "https://registry.npmjs.org/angular-phrase/-/angular-phrase-2.1.3.tgz",
      "integrity": "sha1-usLFvKemie6SWYszhMM2K1iU4R8=",
      "dev": true
    },
    "angular-translate": {
      "version": "2.17.0",
      "resolved": "https://registry.npmjs.org/angular-translate/-/angular-translate-2.17.0.tgz",
      "integrity": "sha512-SudfI0R0Hhtvngc0X3wFChXQGmw90o95i+QPZ11LhJJryneTq8LR3+3E4E7jgHA4fu6TcswgcfZ9+cp5ckbUHw==",
      "requires": {
        "angular": "1.6.9"
      }
    },
    "angular-translate-loader-static-files": {
      "version": "2.17.0",
      "resolved": "https://registry.npmjs.org/angular-translate-loader-static-files/-/angular-translate-loader-static-files-2.17.0.tgz",
      "integrity": "sha512-5mZ8pYlqNeV+8FW01r4DzV3/t930MrgLXSTRKfCzPLjbUQSpcSKwMhjc6QbaHHminevD4FyO2ZyilGCsw3yiKA==",
      "requires": {
        "angular-translate": "2.17.0"
      }
    }
  }
}
